github.com/StefMa/hugo-fresh v1.0.0 h1:Nxo9WtzfBlaFi1G8NEHQLReJQz+Dn4jRxec+lMrPG6k=
github.com/StefMa/hugo-fresh v1.0.0/go.mod h1:yRzHyco0bfnITjvq7rfAiOADfGMrDlM0kXeKBllUJEc=
github.com/StefMa/hugo-fresh v1.1.0 h1:/p353dhg/DWx8CQpDR3wcGUn3i/C+x4ZW4ymzS6cMJA=
github.com/StefMa/hugo-fresh v1.1.0/go.mod h1:yRzHyco0bfnITjvq7rfAiOADfGMrDlM0kXeKBllUJEc=
github.com/jgthms/bulma v0.0.0-20220508134905-3e00a8e6d0d0/go.mod h1:89FLBKXYFKfOKAoDeUT26V0pHGwzr205cMXAEqtAVOI=
github.com/jgthms/bulma v0.0.0-20240611141536-45d70e7e65fd h1:KGAZNjMNjAIBEpmmzS4faiHpybyXuwgBLbqC4E5DV+Q=
github.com/jgthms/bulma v0.0.0-20240611141536-45d70e7e65fd/go.mod h1:89FLBKXYFKfOKAoDeUT26V0pHGwzr205cMXAEqtAVOI=
github.com/jgthms/bulma v0.0.0-20240627032144-bbd8d21bf2ad h1:2KpEFz6ESs7FTRJL3xa6STncU5FbsgGDu398KqdEeP0=
github.com/jgthms/bulma v0.0.0-20240627032144-bbd8d21bf2ad/go.mod h1:89FLBKXYFKfOKAoDeUT26V0pHGwzr205cMXAEqtAVOI=
github.com/jgthms/bulma v0.0.0-20240701143750-fc7db1b2044a h1:KXoV/FYw36PKZ2arCs/azC40FFWbGD+jWh7nPTYpfb4=
github.com/jgthms/bulma v0.0.0-20240701143750-fc7db1b2044a/go.mod h1:89FLBKXYFKfOKAoDeUT26V0pHGwzr205cMXAEqtAVOI=
github.com/jgthms/bulma v0.0.0-20240711121708-a2b16c2fa72b h1:+5n7YWRLIv7g2ilO0A97CteOeEdcowXi7PWIvhrjTdo=
github.com/jgthms/bulma v0.0.0-20240711121708-a2b16c2fa72b/go.mod h1:89FLBKXYFKfOKAoDeUT26V0pHGwzr205cMXAEqtAVOI=
